
Microsoft Visual Studio Solution File, Format Version 12.00
# Visual Studio Version 17
VisualStudioVersion = 17.5.33627.172
MinimumVisualStudioVersion = 10.0.40219.1
Project("{9A19103F-16F7-4668-BE54-9A1E7A4F7556}") = "CraftDemo", "CraftDemo\CraftDemo.csproj", "{F52DAA98-7B3B-43AA-8977-6E7625BA6F6F}"
EndProject
Project("{FAE04EC0-301F-11D3-BF4B-00C04F79EFBC}") = "CraftDemoTests", "CraftDemoTests\CraftDemoTests.csproj", "{852B17AD-732F-4E2B-BAB2-873B6B071067}"
EndProject
Global
	GlobalSection(SolutionConfigurationPlatforms) = preSolution
		Debug|Any CPU = Debug|Any CPU
		Release|Any CPU = Release|Any CPU
	EndGlobalSection
	GlobalSection(ProjectConfigurationPlatforms) = postSolution
		{F52DAA98-7B3B-43AA-8977-6E7625BA6F6F}.Debug|Any CPU.ActiveCfg = Debug|Any CPU
		{F52DAA98-7B3B-43AA-8977-6E7625BA6F6F}.Debug|Any CPU.Build.0 = Debug|Any CPU
		{F52DAA98-7B3B-43AA-8977-6E7625BA6F6F}.Release|Any CPU.ActiveCfg = Release|Any CPU
		{F52DAA98-7B3B-43AA-8977-6E7625BA6F6F}.Release|Any CPU.Build.0 = Release|Any CPU
		{852B17AD-732F-4E2B-BAB2-873B6B071067}.Debug|Any CPU.ActiveCfg = Debug|Any CPU
		{852B17AD-732F-4E2B-BAB2-873B6B071067}.Debug|Any CPU.Build.0 = Debug|Any CPU
		{852B17AD-732F-4E2B-BAB2-873B6B071067}.Release|Any CPU.ActiveCfg = Release|Any CPU
		{852B17AD-732F-4E2B-BAB2-873B6B071067}.Release|Any CPU.Build.0 = Release|Any CPU
	EndGlobalSection
	GlobalSection(SolutionProperties) = preSolution
		HideSolutionNode = FALSE
	EndGlobalSection
	GlobalSection(ExtensibilityGlobals) = postSolution
		SolutionGuid = {BF61FC23-82D7-4082-A19F-CD11A1770C9D}
	EndGlobalSection
EndGlobal
